Microsoft Visual Studio Solution File, Format Version 12.00
# Visual Studio Version 17
VisualStudioVersion = 17.13.35818.85
MinimumVisualStudioVersion = 10.0.40219.1
Project("{FAE04EC0-301F-11D3-BF4B-00C04F79EFBC}") = "RAWANiAspireOrchestrationApp.AppHost", "RAWANiAspireOrchestrationApp.AppHost\RAWANiAspireOrchestrationApp.AppHost.csproj", "{063BB984-8509-4E00-9620-15DFC18567C2}"
EndProject
Project("{FAE04EC0-301F-11D3-BF4B-00C04F79EFBC}") = "RAWANiAspireOrchestrationApp.ServiceDefaults", "RAWANiAspireOrchestrationApp.ServiceDefaults\RAWANiAspireOrchestrationApp.ServiceDefaults.csproj", "{68224174-95AD-20EA-164D-5D4BA08BDBDF}"
EndProject
Project("{FAE04EC0-301F-11D3-BF4B-00C04F79EFBC}") = "RAWANiAspireOrchestrationApp.ApiService", "RAWANiAspireOrchestrationApp.ApiService\RAWANiAspireOrchestrationApp.ApiService.csproj", "{C8BC9FC9-4D3D-C9E1-E790-BA753675296F}"
EndProject
Project("{FAE04EC0-301F-11D3-BF4B-00C04F79EFBC}") = "RAWANiAspireOrchestrationApp.Web", "RAWANiAspireOrchestrationApp.Web\RAWANiAspireOrchestrationApp.Web.csproj", "{4C81E0C0-CCD9-539D-1E8C-0D338D392021}"
EndProject
Global
	GlobalSection(SolutionConfigurationPlatforms) = preSolution
		Debug|Any CPU = Debug|Any CPU
		Release|Any CPU = Release|Any CPU
	EndGlobalSection
	GlobalSection(ProjectConfigurationPlatforms) = postSolution
		{063BB984-8509-4E00-9620-15DFC18567C2}.Debug|Any CPU.ActiveCfg = Debug|Any CPU
		{063BB984-8509-4E00-9620-15DFC18567C2}.Debug|Any CPU.Build.0 = Debug|Any CPU
		{063BB984-8509-4E00-9620-15DFC18567C2}.Release|Any CPU.ActiveCfg = Release|Any CPU
		{063BB984-8509-4E00-9620-15DFC18567C2}.Release|Any CPU.Build.0 = Release|Any CPU
		{68224174-95AD-20EA-164D-5D4BA08BDBDF}.Debug|Any CPU.ActiveCfg = Debug|Any CPU
		{68224174-95AD-20EA-164D-5D4BA08BDBDF}.Debug|Any CPU.Build.0 = Debug|Any CPU
		{68224174-95AD-20EA-164D-5D4BA08BDBDF}.Release|Any CPU.ActiveCfg = Release|Any CPU
		{68224174-95AD-20EA-164D-5D4BA08BDBDF}.Release|Any CPU.Build.0 = Release|Any CPU
		{C8BC9FC9-4D3D-C9E1-E790-BA753675296F}.Debug|Any CPU.ActiveCfg = Debug|Any CPU
		{C8BC9FC9-4D3D-C9E1-E790-BA753675296F}.Debug|Any CPU.Build.0 = Debug|Any CPU
		{C8BC9FC9-4D3D-C9E1-E790-BA753675296F}.Release|Any CPU.ActiveCfg = Release|Any CPU
		{C8BC9FC9-4D3D-C9E1-E790-BA753675296F}.Release|Any CPU.Build.0 = Release|Any CPU
		{4C81E0C0-CCD9-539D-1E8C-0D338D392021}.Debug|Any CPU.ActiveCfg = Debug|Any CPU
		{4C81E0C0-CCD9-539D-1E8C-0D338D392021}.Debug|Any CPU.Build.0 = Debug|Any CPU
		{4C81E0C0-CCD9-539D-1E8C-0D338D392021}.Release|Any CPU.ActiveCfg = Release|Any CPU
		{4C81E0C0-CCD9-539D-1E8C-0D338D392021}.Release|Any CPU.Build.0 = Release|Any CPU
	EndGlobalSection
	GlobalSection(SolutionProperties) = preSolution
		HideSolutionNode = FALSE
	EndGlobalSection
	GlobalSection(ExtensibilityGlobals) = postSolution
		SolutionGuid = {3B09FC48-8478-45CB-95B2-3F04F25C1230}
	EndGlobalSection
EndGlobal
